PODS:
  - VPGenericCollectionView (0.3.0)

DEPENDENCIES:
  - VPGenericCollectionView (from `../`)

EXTERNAL SOURCES:
  VPGenericCollectionView:
    :path: "../"

SPEC CHECKSUMS:
  VPGenericCollectionView: e0d8d0805a5e8498bf8caa993918b953ea519442

PODFILE CHECKSUM: 05308304f47e1d930bcfd826a52c0d1bb07ef952

COCOAPODS: 1.9.3
