PODS:
  - VPGenericCollectionView (0.1.0)

DEPENDENCIES:
  - VPGenericCollectionView (from `../`)

EXTERNAL SOURCES:
  VPGenericCollectionView:
    :path: "../"

SPEC CHECKSUMS:
  VPGenericCollectionView: d816d75a81eed83ae479f11e77ba430c788bfdcf

PODFILE CHECKSUM: 05308304f47e1d930bcfd826a52c0d1bb07ef952

COCOAPODS: 1.9.3
